// !$*UTF8*$!
{
	archiveVersion = 1;
	classes = {
	};
	objectVersion = 51;
	objects = {

/* Begin PBXBuildFile section */
		0C39557725A5111700259EC7 /* AppDelegate.swift in Sources */ = {isa = PBXBuildFile; fileRef = 0C39557625A5111700259EC7 /* AppDelegate.swift */; };
		0C39557925A5111700259EC7 /* SceneDelegate.swift in Sources */ = {isa = PBXBuildFile; fileRef = 0C39557825A5111700259EC7 /* SceneDelegate.swift */; };
		0C39557B25A5111700259EC7 /* ViewController.swift in Sources */ = {isa = PBXBuildFile; fileRef = 0C39557A25A5111700259EC7 /* ViewController.swift */; };
		0C39558025A5111D00259EC7 /* Assets.xcassets in Resources */ = {isa = PBXBuildFile; fileRef = 0C39557F25A5111D00259EC7 /* Assets.xcassets */; };
		0C39558325A5111D00259EC7 /* LaunchScreen.storyboard in Resources */ = {isa = PBXBuildFile; fileRef = 0C39558125A5111D00259EC7 /* LaunchScreen.storyboard */; };
		0C39558C25A5B1CF00259EC7 /* Extensions.swift in Sources */ = {isa = PBXBuildFile; fileRef = 0C39558B25A5B1CF00259EC7 /* Extensions.swift */; };
		0C39558E25A5B3A000259EC7 /* UIView+Layout.swift in Sources */ = {isa = PBXBuildFile; fileRef = 0C39558D25A5B3A000259EC7 /* UIView+Layout.swift */; };
		0C39559025A5B94000259EC7 /* GoogleService-Info.plist in Resources */ = {isa = PBXBuildFile; fileRef = 0C39558F25A5B94000259EC7 /* GoogleService-Info.plist */; };
		0C39559225A6269700259EC7 /* MainTabBarController.swift in Sources */ = {isa = PBXBuildFile; fileRef = 0C39559125A6269700259EC7 /* MainTabBarController.swift */; };
		0C39559425A6274D00259EC7 /* UserProfileController.swift in Sources */ = {isa = PBXBuildFile; fileRef = 0C39559325A6274D00259EC7 /* UserProfileController.swift */; };
		0C39559725A62BD200259EC7 /* BaseListController.swift in Sources */ = {isa = PBXBuildFile; fileRef = 0C39559625A62BD200259EC7 /* BaseListController.swift */; };
		F6150F296EFB9AB98B6BFDC7 /* Pods_Instagram_Clone.framework in Frameworks */ = {isa = PBXBuildFile; fileRef = 2F3248E9360730E3A93CE87D /* Pods_Instagram_Clone.framework */; };
/* End PBXBuildFile section */

/* Begin PBXFileReference section */
		0C39557325A5111700259EC7 /* Instagram Clone.app */ = {isa = PBXFileReference; explicitFileType = wrapper.application; includeInIndex = 0; path = "Instagram Clone.app"; sourceTree = BUILT_PRODUCTS_DIR; };
		0C39557625A5111700259EC7 /* AppDelegate.swift */ = {isa = PBXFileReference; lastKnownFileType = sourcecode.swift; path = AppDelegate.swift; sourceTree = "<group>"; };
		0C39557825A5111700259EC7 /* SceneDelegate.swift */ = {isa = PBXFileReference; lastKnownFileType = sourcecode.swift; path = SceneDelegate.swift; sourceTree = "<group>"; };
		0C39557A25A5111700259EC7 /* ViewController.swift */ = {isa = PBXFileReference; lastKnownFileType = sourcecode.swift; path = ViewController.swift; sourceTree = "<group>"; };
		0C39557F25A5111D00259EC7 /* Assets.xcassets */ = {isa = PBXFileReference; lastKnownFileType = folder.assetcatalog; path = Assets.xcassets; sourceTree = "<group>"; };
		0C39558225A5111D00259EC7 /* Base */ = {isa = PBXFileReference; lastKnownFileType = file.storyboard; name = Base; path = Base.lproj/LaunchScreen.storyboard; sourceTree = "<group>"; };
		0C39558425A5111D00259EC7 /* Info.plist */ = {isa = PBXFileReference; lastKnownFileType = text.plist.xml; path = Info.plist; sourceTree = "<group>"; };
		0C39558B25A5B1CF00259EC7 /* Extensions.swift */ = {isa = PBXFileReference; lastKnownFileType = sourcecode.swift; path = Extensions.swift; sourceTree = "<group>"; };
		0C39558D25A5B3A000259EC7 /* UIView+Layout.swift */ = {isa = PBXFileReference; lastKnownFileType = sourcecode.swift; path = "UIView+Layout.swift"; sourceTree = "<group>"; };
		0C39558F25A5B94000259EC7 /* GoogleService-Info.plist */ = {isa = PBXFileReference; fileEncoding = 4; lastKnownFileType = text.plist.xml; path = "GoogleService-Info.plist"; sourceTree = "<group>"; };
		0C39559125A6269700259EC7 /* MainTabBarController.swift */ = {isa = PBXFileReference; lastKnownFileType = sourcecode.swift; path = MainTabBarController.swift; sourceTree = "<group>"; };
		0C39559325A6274D00259EC7 /* UserProfileController.swift */ = {isa = PBXFileReference; lastKnownFileType = sourcecode.swift; path = UserProfileController.swift; sourceTree = "<group>"; };
		0C39559625A62BD200259EC7 /* BaseListController.swift */ = {isa = PBXFileReference; lastKnownFileType = sourcecode.swift; path = BaseListController.swift; sourceTree = "<group>"; };
		1A233C005317070F91FD4C2E /* Pods-Instagram Clone.debug.xcconfig */ = {isa = PBXFileReference; includeInIndex = 1; lastKnownFileType = text.xcconfig; name = "Pods-Instagram Clone.debug.xcconfig"; path = "Target Support Files/Pods-Instagram Clone/Pods-Instagram Clone.debug.xcconfig"; sourceTree = "<group>"; };
		2F3248E9360730E3A93CE87D /* Pods_Instagram_Clone.framework */ = {isa = PBXFileReference; explicitFileType = wrapper.framework; includeInIndex = 0; path = Pods_Instagram_Clone.framework; sourceTree = BUILT_PRODUCTS_DIR; };
		E0996CC2E3C0FF64A36FAA1D /* Pods-Instagram Clone.release.xcconfig */ = {isa = PBXFileReference; includeInIndex = 1; lastKnownFileType = text.xcconfig; name = "Pods-Instagram Clone.release.xcconfig"; path = "Target Support Files/Pods-Instagram Clone/Pods-Instagram Clone.release.xcconfig"; sourceTree = "<group>"; };
/* End PBXFileReference section */

/* Begin PBXFrameworksBuildPhase section */
		0C39557025A5111700259EC7 /* Frameworks */ = {
			isa = PBXFrameworksBuildPhase;
			buildActionMask = 2147483647;
			files = (
				F6150F296EFB9AB98B6BFDC7 /* Pods_Instagram_Clone.framework in Frameworks */,
			);
			runOnlyForDeploymentPostprocessing = 0;
		};
/* End PBXFrameworksBuildPhase section */

/* Begin PBXGroup section */
		0C39556A25A5111700259EC7 = {
			isa = PBXGroup;
			children = (
				0C39557525A5111700259EC7 /* Instagram Clone */,
				0C39557425A5111700259EC7 /* Products */,
				9232F4A69B6E2068E55562DF /* Pods */,
				D810E3046D31D0615A6E2093 /* Frameworks */,
			);
			sourceTree = "<group>";
		};
		0C39557425A5111700259EC7 /* Products */ = {
			isa = PBXGroup;
			children = (
				0C39557325A5111700259EC7 /* Instagram Clone.app */,
			);
			name = Products;
			sourceTree = "<group>";
		};
		0C39557525A5111700259EC7 /* Instagram Clone */ = {
			isa = PBXGroup;
			children = (
				0C39558A25A5B1C500259EC7 /* Utils */,
				0C39557625A5111700259EC7 /* AppDelegate.swift */,
				0C39557825A5111700259EC7 /* SceneDelegate.swift */,
				0C39559525A6275C00259EC7 /* Controllers */,
				0C39557F25A5111D00259EC7 /* Assets.xcassets */,
				0C39558125A5111D00259EC7 /* LaunchScreen.storyboard */,
				0C39558F25A5B94000259EC7 /* GoogleService-Info.plist */,
				0C39558425A5111D00259EC7 /* Info.plist */,
			);
			path = "Instagram Clone";
			sourceTree = "<group>";
		};
		0C39558A25A5B1C500259EC7 /* Utils */ = {
			isa = PBXGroup;
			children = (
				0C39558B25A5B1CF00259EC7 /* Extensions.swift */,
				0C39558D25A5B3A000259EC7 /* UIView+Layout.swift */,
			);
			path = Utils;
			sourceTree = "<group>";
		};
		0C39559525A6275C00259EC7 /* Controllers */ = {
			isa = PBXGroup;
			children = (
				0C39559125A6269700259EC7 /* MainTabBarController.swift */,
				0C39559325A6274D00259EC7 /* UserProfileController.swift */,
				0C39557A25A5111700259EC7 /* ViewController.swift */,
				0C39559625A62BD200259EC7 /* BaseListController.swift */,
			);
			path = Controllers;
			sourceTree = "<group>";
		};
		9232F4A69B6E2068E55562DF /* Pods */ = {
			isa = PBXGroup;
			children = (
				1A233C005317070F91FD4C2E /* Pods-Instagram Clone.debug.xcconfig */,
				E0996CC2E3C0FF64A36FAA1D /* Pods-Instagram Clone.release.xcconfig */,
			);
			path = Pods;
			sourceTree = "<group>";
		};
		D810E3046D31D0615A6E2093 /* Frameworks */ = {
			isa = PBXGroup;
			children = (
				2F3248E9360730E3A93CE87D /* Pods_Instagram_Clone.framework */,
			);
			name = Frameworks;
			sourceTree = "<group>";
		};
/* End PBXGroup section */

/* Begin PBXNativeTarget section */
		0C39557225A5111700259EC7 /* Instagram Clone */ = {
			isa = PBXNativeTarget;
			buildConfigurationList = 0C39558725A5111D00259EC7 /* Build configuration list for PBXNativeTarget "Instagram Clone" */;
			buildPhases = (
				AC1821D131915D3970B3DD97 /* [CP] Check Pods Manifest.lock */,
				0C39556F25A5111700259EC7 /* Sources */,
				0C39557025A5111700259EC7 /* Frameworks */,
				0C39557125A5111700259EC7 /* Resources */,
				EC2AFE113E7503715A854989 /* [CP] Embed Pods Frameworks */,
			);
			buildRules = (
			);
			dependencies = (
			);
			name = "Instagram Clone";
			productName = "Instagram Clone";
			productReference = 0C39557325A5111700259EC7 /* Instagram Clone.app */;
			productType = "com.apple.product-type.application";
		};
/* End PBXNativeTarget section */

/* Begin PBXProject section */
		0C39556B25A5111700259EC7 /* Project object */ = {
			isa = PBXProject;
			attributes = {
				LastSwiftUpdateCheck = 1170;
				LastUpgradeCheck = 1170;
				ORGANIZATIONNAME = morua;
				TargetAttributes = {
					0C39557225A5111700259EC7 = {
						CreatedOnToolsVersion = 11.7;
					};
				};
			};
			buildConfigurationList = 0C39556E25A5111700259EC7 /* Build configuration list for PBXProject "Instagram Clone" */;
			compatibilityVersion = "Xcode 9.3";
			developmentRegion = en;
			hasScannedForEncodings = 0;
			knownRegions = (
				en,
				Base,
			);
			mainGroup = 0C39556A25A5111700259EC7;
			productRefGroup = 0C39557425A5111700259EC7 /* Products */;
			projectDirPath = "";
			projectRoot = "";
			targets = (
				0C39557225A5111700259EC7 /* Instagram Clone */,
			);
		};
/* End PBXProject section */

/* Begin PBXResourcesBuildPhase section */
		0C39557125A5111700259EC7 /* Resources */ = {
			isa = PBXResourcesBuildPhase;
			buildActionMask = 2147483647;
			files = (
				0C39558325A5111D00259EC7 /* LaunchScreen.storyboard in Resources */,
				0C39559025A5B94000259EC7 /* GoogleService-Info.plist in Resources */,
				0C39558025A5111D00259EC7 /* Assets.xcassets in Resources */,
			);
			runOnlyForDeploymentPostprocessing = 0;
		};
/* End PBXResourcesBuildPhase section */

/* Begin PBXShellScriptBuildPhase section */
		AC1821D131915D3970B3DD97 /* [CP] Check Pods Manifest.lock */ = {
			isa = PBXShellScriptBuildPhase;
			buildActionMask = 2147483647;
			files = (
			);
			inputFileListPaths = (
			);
			inputPaths = (
				"${PODS_PODFILE_DIR_PATH}/Podfile.lock",
				"${PODS_ROOT}/Manifest.lock",
			);
			name = "[CP] Check Pods Manifest.lock";
			outputFileListPaths = (
			);
			outputPaths = (
				"$(DERIVED_FILE_DIR)/Pods-Instagram Clone-checkManifestLockResult.txt",
			);
			runOnlyForDeploymentPostprocessing = 0;
			shellPath = /bin/sh;
			shellScript = "diff \"${PODS_PODFILE_DIR_PATH}/Podfile.lock\" \"${PODS_ROOT}/Manifest.lock\" > /dev/null\nif [ $? != 0 ] ; then\n    # print error to STDERR\n    echo \"error: The sandbox is not in sync with the Podfile.lock. Run 'pod install' or update your CocoaPods installation.\" >&2\n    exit 1\nfi\n# This output is used by Xcode 'outputs' to avoid re-running this script phase.\necho \"SUCCESS\" > \"${SCRIPT_OUTPUT_FILE_0}\"\n";
			showEnvVarsInLog = 0;
		};
		EC2AFE113E7503715A854989 /* [CP] Embed Pods Frameworks */ = {
			isa = PBXShellScriptBuildPhase;
			buildActionMask = 2147483647;
			files = (
			);
			inputFileListPaths = (
				"${PODS_ROOT}/Target Support Files/Pods-Instagram Clone/Pods-Instagram Clone-frameworks-${CONFIGURATION}-input-files.xcfilelist",
			);
			name = "[CP] Embed Pods Frameworks";
			outputFileListPaths = (
				"${PODS_ROOT}/Target Support Files/Pods-Instagram Clone/Pods-Instagram Clone-frameworks-${CONFIGURATION}-output-files.xcfilelist",
			);
			runOnlyForDeploymentPostprocessing = 0;
			shellPath = /bin/sh;
			shellScript = "\"${PODS_ROOT}/Target Support Files/Pods-Instagram Clone/Pods-Instagram Clone-frameworks.sh\"\n";
			showEnvVarsInLog = 0;
		};
/* End PBXShellScriptBuildPhase section */

/* Begin PBXSourcesBuildPhase section */
		0C39556F25A5111700259EC7 /* Sources */ = {
			isa = PBXSourcesBuildPhase;
			buildActionMask = 2147483647;
			files = (
				0C39557B25A5111700259EC7 /* ViewController.swift in Sources */,
				0C39557725A5111700259EC7 /* AppDelegate.swift in Sources */,
				0C39559225A6269700259EC7 /* MainTabBarController.swift in Sources */,
				0C39557925A5111700259EC7 /* SceneDelegate.swift in Sources */,
				0C39559425A6274D00259EC7 /* UserProfileController.swift in Sources */,
				0C39558C25A5B1CF00259EC7 /* Extensions.swift in Sources */,
				0C39559725A62BD200259EC7 /* BaseListController.swift in Sources */,
				0C39558E25A5B3A000259EC7 /* UIView+Layout.swift in Sources */,
			);
			runOnlyForDeploymentPostprocessing = 0;
		};
/* End PBXSourcesBuildPhase section */

/* Begin PBXVariantGroup section */
		0C39558125A5111D00259EC7 /* LaunchScreen.storyboard */ = {
			isa = PBXVariantGroup;
			children = (
				0C39558225A5111D00259EC7 /* Base */,
			);
			name = LaunchScreen.storyboard;
			sourceTree = "<group>";
		};
/* End PBXVariantGroup section */

/* Begin XCBuildConfiguration section */
		0C39558525A5111D00259EC7 /* Debug */ = {
			isa = XCBuildConfiguration;
			buildSettings = {
				ALWAYS_SEARCH_USER_PATHS = NO;
				CLANG_ANALYZER_NONNULL = YES;
				CLANG_ANALYZER_NUMBER_OBJECT_CONVERSION = YES_AGGRESSIVE;
				CLANG_CXX_LANGUAGE_STANDARD = "gnu++14";
				CLANG_CXX_LIBRARY = "libc++";
				CLANG_ENABLE_MODULES = YES;
				CLANG_ENABLE_OBJC_ARC = YES;
				CLANG_ENABLE_OBJC_WEAK = YES;
				CLANG_WARN_BLOCK_CAPTURE_AUTORELEASING = YES;
				CLANG_WARN_BOOL_CONVERSION = YES;
				CLANG_WARN_COMMA = YES;
				CLANG_WARN_CONSTANT_CONVERSION = YES;
				CLANG_WARN_DEPRECATED_OBJC_IMPLEMENTATIONS = YES;
				CLANG_WARN_DIRECT_OBJC_ISA_USAGE = YES_ERROR;
				CLANG_WARN_DOCUMENTATION_COMMENTS = YES;
				CLANG_WARN_EMPTY_BODY = YES;
				CLANG_WARN_ENUM_CONVERSION = YES;
				CLANG_WARN_INFINITE_RECURSION = YES;
				CLANG_WARN_INT_CONVERSION = YES;
				CLANG_WARN_NON_LITERAL_NULL_CONVERSION = YES;
				CLANG_WARN_OBJC_IMPLICIT_RETAIN_SELF = YES;
				CLANG_WARN_OBJC_LITERAL_CONVERSION = YES;
				CLANG_WARN_OBJC_ROOT_CLASS = YES_ERROR;
				CLANG_WARN_RANGE_LOOP_ANALYSIS = YES;
				CLANG_WARN_STRICT_PROTOTYPES = YES;
				CLANG_WARN_SUSPICIOUS_MOVE = YES;
				CLANG_WARN_UNGUARDED_AVAILABILITY = YES_AGGRESSIVE;
				CLANG_WARN_UNREACHABLE_CODE = YES;
				CLANG_WARN__DUPLICATE_METHOD_MATCH = YES;
				COPY_PHASE_STRIP = NO;
				DEBUG_INFORMATION_FORMAT = dwarf;
				ENABLE_STRICT_OBJC_MSGSEND = YES;
				ENABLE_TESTABILITY = YES;
				GCC_C_LANGUAGE_STANDARD = gnu11;
				GCC_DYNAMIC_NO_PIC = NO;
				GCC_NO_COMMON_BLOCKS = YES;
				GCC_OPTIMIZATION_LEVEL = 0;
				GCC_PREPROCESSOR_DEFINITIONS = (
					"DEBUG=1",
					"$(inherited)",
				);
				GCC_WARN_64_TO_32_BIT_CONVERSION = YES;
				GCC_WARN_ABOUT_RETURN_TYPE = YES_ERROR;
				GCC_WARN_UNDECLARED_SELECTOR = YES;
				GCC_WARN_UNINITIALIZED_AUTOS = YES_AGGRESSIVE;
				GCC_WARN_UNUSED_FUNCTION = YES;
				GCC_WARN_UNUSED_VARIABLE = YES;
				IPHONEOS_DEPLOYMENT_TARGET = 13.7;
				MTL_ENABLE_DEBUG_INFO = INCLUDE_SOURCE;
				MTL_FAST_MATH = YES;
				ONLY_ACTIVE_ARCH = YES;
				SDKROOT = iphoneos;
				SWIFT_ACTIVE_COMPILATION_CONDITIONS = DEBUG;
				SWIFT_OPTIMIZATION_LEVEL = "-Onone";
			};
			name = Debug;
		};
		0C39558625A5111D00259EC7 /* Release */ = {
			isa = XCBuildConfiguration;
			buildSettings = {
				ALWAYS_SEARCH_USER_PATHS = NO;
				CLANG_ANALYZER_NONNULL = YES;
				CLANG_ANALYZER_NUMBER_OBJECT_CONVERSION = YES_AGGRESSIVE;
				CLANG_CXX_LANGUAGE_STANDARD = "gnu++14";
				CLANG_CXX_LIBRARY = "libc++";
				CLANG_ENABLE_MODULES = YES;
				CLANG_ENABLE_OBJC_ARC = YES;
				CLANG_ENABLE_OBJC_WEAK = YES;
				CLANG_WARN_BLOCK_CAPTURE_AUTORELEASING = YES;
				CLANG_WARN_BOOL_CONVERSION = YES;
				CLANG_WARN_COMMA = YES;
				CLANG_WARN_CONSTANT_CONVERSION = YES;
				CLANG_WARN_DEPRECATED_OBJC_IMPLEMENTATIONS = YES;
				CLANG_WARN_DIRECT_OBJC_ISA_USAGE = YES_ERROR;
				CLANG_WARN_DOCUMENTATION_COMMENTS = YES;
				CLANG_WARN_EMPTY_BODY = YES;
				CLANG_WARN_ENUM_CONVERSION = YES;
				CLANG_WARN_INFINITE_RECURSION = YES;
				CLANG_WARN_INT_CONVERSION = YES;
				CLANG_WARN_NON_LITERAL_NULL_CONVERSION = YES;
				CLANG_WARN_OBJC_IMPLICIT_RETAIN_SELF = YES;
				CLANG_WARN_OBJC_LITERAL_CONVERSION = YES;
				CLANG_WARN_OBJC_ROOT_CLASS = YES_ERROR;
				CLANG_WARN_RANGE_LOOP_ANALYSIS = YES;
				CLANG_WARN_STRICT_PROTOTYPES = YES;
				CLANG_WARN_SUSPICIOUS_MOVE = YES;
				CLANG_WARN_UNGUARDED_AVAILABILITY = YES_AGGRESSIVE;
				CLANG_WARN_UNREACHABLE_CODE = YES;
				CLANG_WARN__DUPLICATE_METHOD_MATCH = YES;
				COPY_PHASE_STRIP = NO;
				DEBUG_INFORMATION_FORMAT = "dwarf-with-dsym";
				ENABLE_NS_ASSERTIONS = NO;
				ENABLE_STRICT_OBJC_MSGSEND = YES;
				GCC_C_LANGUAGE_STANDARD = gnu11;
				GCC_NO_COMMON_BLOCKS = YES;
				GCC_WARN_64_TO_32_BIT_CONVERSION = YES;
				GCC_WARN_ABOUT_RETURN_TYPE = YES_ERROR;
				GCC_WARN_UNDECLARED_SELECTOR = YES;
				GCC_WARN_UNINITIALIZED_AUTOS = YES_AGGRESSIVE;
				GCC_WARN_UNUSED_FUNCTION = YES;
				GCC_WARN_UNUSED_VARIABLE = YES;
				IPHONEOS_DEPLOYMENT_TARGET = 13.7;
				MTL_ENABLE_DEBUG_INFO = NO;
				MTL_FAST_MATH = YES;
				SDKROOT = iphoneos;
				SWIFT_COMPILATION_MODE = wholemodule;
				SWIFT_OPTIMIZATION_LEVEL = "-O";
				VALIDATE_PRODUCT = YES;
			};
			name = Release;
		};
		0C39558825A5111D00259EC7 /* Debug */ = {
			isa = XCBuildConfiguration;
			baseConfigurationReference = 1A233C005317070F91FD4C2E /* Pods-Instagram Clone.debug.xcconfig */;
			buildSettings = {
				ASSETCATALOG_COMPILER_APPICON_NAME = AppIcon;
				CODE_SIGN_STYLE = Automatic;
				DEVELOPMENT_TEAM = P82J44BKQJ;
				INFOPLIST_FILE = "Instagram Clone/Info.plist";
				LD_RUNPATH_SEARCH_PATHS = (
					"$(inherited)",
					"@executable_path/Frameworks",
				);
				PRODUCT_BUNDLE_IDENTIFIER = "morua.code.Instagram-Clone";
				PRODUCT_NAME = "$(TARGET_NAME)";
				SWIFT_VERSION = 5.0;
				TARGETED_DEVICE_FAMILY = "1,2";
			};
			name = Debug;
		};
		0C39558925A5111D00259EC7 /* Release */ = {
			isa = XCBuildConfiguration;
			baseConfigurationReference = E0996CC2E3C0FF64A36FAA1D /* Pods-Instagram Clone.release.xcconfig */;
			buildSettings = {
				ASSETCATALOG_COMPILER_APPICON_NAME = AppIcon;
				CODE_SIGN_STYLE = Automatic;
				DEVELOPMENT_TEAM = P82J44BKQJ;
				INFOPLIST_FILE = "Instagram Clone/Info.plist";
				LD_RUNPATH_SEARCH_PATHS = (
					"$(inherited)",
					"@executable_path/Frameworks",
				);
				PRODUCT_BUNDLE_IDENTIFIER = "morua.code.Instagram-Clone";
				PRODUCT_NAME = "$(TARGET_NAME)";
				SWIFT_VERSION = 5.0;
				TARGETED_DEVICE_FAMILY = "1,2";
			};
			name = Release;
		};
/* End XCBuildConfiguration section */

/* Begin XCConfigurationList section */
		0C39556E25A5111700259EC7 /* Build configuration list for PBXProject "Instagram Clone" */ = {
			isa = XCConfigurationList;
			buildConfigurations = (
				0C39558525A5111D00259EC7 /* Debug */,
				0C39558625A5111D00259EC7 /* Release */,
			);
			defaultConfigurationIsVisible = 0;
			defaultConfigurationName = Release;
		};
		0C39558725A5111D00259EC7 /* Build configuration list for PBXNativeTarget "Instagram Clone" */ = {
			isa = XCConfigurationList;
			buildConfigurations = (
				0C39558825A5111D00259EC7 /* Debug */,
				0C39558925A5111D00259EC7 /* Release */,
			);
			defaultConfigurationIsVisible = 0;
			defaultConfigurationName = Release;
		};
/* End XCConfigurationList section */
	};
	rootObject = 0C39556B25A5111700259EC7 /* Project object */;
}
